// !$*UTF8*$!
{
	archiveVersion = 1;
	classes = {
	};
	objectVersion = 50;
	objects = {

/* Begin PBXBuildFile section */
		711F86812362B07B009085A6 /* AppDelegate.swift in Sources */ = {isa = PBXBuildFile; fileRef = 711F86802362B07B009085A6 /* AppDelegate.swift */; };
		711F86832362B07B009085A6 /* SceneDelegate.swift in Sources */ = {isa = PBXBuildFile; fileRef = 711F86822362B07B009085A6 /* SceneDelegate.swift */; };
		711F86852362B07B009085A6 /* ViewController.swift in Sources */ = {isa = PBXBuildFile; fileRef = 711F86842362B07B009085A6 /* ViewController.swift */; };
		711F86882362B07B009085A6 /* Main.storyboard in Resources */ = {isa = PBXBuildFile; fileRef = 711F86862362B07B009085A6 /* Main.storyboard */; };
		711F868B2362B07B009085A6 /* SelectExample.xcdatamodeld in Sources */ = {isa = PBXBuildFile; fileRef = 711F86892362B07B009085A6 /* SelectExample.xcdatamodeld */; };
		711F868D2362B07C009085A6 /* Assets.xcassets in Resources */ = {isa = PBXBuildFile; fileRef = 711F868C2362B07C009085A6 /* Assets.xcassets */; };
		711F86902362B07C009085A6 /* LaunchScreen.storyboard in Resources */ = {isa = PBXBuildFile; fileRef = 711F868E2362B07C009085A6 /* LaunchScreen.storyboard */; };
		711F869B2362B07D009085A6 /* SelectExampleTests.swift in Sources */ = {isa = PBXBuildFile; fileRef = 711F869A2362B07D009085A6 /* SelectExampleTests.swift */; };
		711F86A62362B07D009085A6 /* SelectExampleUITests.swift in Sources */ = {isa = PBXBuildFile; fileRef = 711F86A52362B07D009085A6 /* SelectExampleUITests.swift */; };
/* End PBXBuildFile section */

/* Begin PBXContainerItemProxy section */
		711F86972362B07D009085A6 /* PBXContainerItemProxy */ = {
			isa = PBXContainerItemProxy;
			containerPortal = 711F86752362B07B009085A6 /* Project object */;
			proxyType = 1;
			remoteGlobalIDString = 711F867C2362B07B009085A6;
			remoteInfo = SelectExample;
		};
		711F86A22362B07D009085A6 /* PBXContainerItemProxy */ = {
			isa = PBXContainerItemProxy;
			containerPortal = 711F86752362B07B009085A6 /* Project object */;
			proxyType = 1;
			remoteGlobalIDString = 711F867C2362B07B009085A6;
			remoteInfo = SelectExample;
		};
/* End PBXContainerItemProxy section */

/* Begin PBXFileReference section */
		711F867D2362B07B009085A6 /* SelectExample.app */ = {isa = PBXFileReference; explicitFileType = wrapper.application; includeInIndex = 0; path = SelectExample.app; sourceTree = BUILT_PRODUCTS_DIR; };
		711F86802362B07B009085A6 /* AppDelegate.swift */ = {isa = PBXFileReference; lastKnownFileType = sourcecode.swift; path = AppDelegate.swift; sourceTree = "<group>"; };
		711F86822362B07B009085A6 /* SceneDelegate.swift */ = {isa = PBXFileReference; lastKnownFileType = sourcecode.swift; path = SceneDelegate.swift; sourceTree = "<group>"; };
		711F86842362B07B009085A6 /* ViewController.swift */ = {isa = PBXFileReference; lastKnownFileType = sourcecode.swift; path = ViewController.swift; sourceTree = "<group>"; };
		711F86872362B07B009085A6 /* Base */ = {isa = PBXFileReference; lastKnownFileType = file.storyboard; name = Base; path = Base.lproj/Main.storyboard; sourceTree = "<group>"; };
		711F868A2362B07B009085A6 /* SelectExample.xcdatamodel */ = {isa = PBXFileReference; lastKnownFileType = wrapper.xcdatamodel; path = SelectExample.xcdatamodel; sourceTree = "<group>"; };
		711F868C2362B07C009085A6 /* Assets.xcassets */ = {isa = PBXFileReference; lastKnownFileType = folder.assetcatalog; path = Assets.xcassets; sourceTree = "<group>"; };
		711F868F2362B07C009085A6 /* Base */ = {isa = PBXFileReference; lastKnownFileType = file.storyboard; name = Base; path = Base.lproj/LaunchScreen.storyboard; sourceTree = "<group>"; };
		711F86912362B07C009085A6 /* Info.plist */ = {isa = PBXFileReference; lastKnownFileType = text.plist.xml; path = Info.plist; sourceTree = "<group>"; };
		711F86962362B07D009085A6 /* SelectExampleTests.xctest */ = {isa = PBXFileReference; explicitFileType = wrapper.cfbundle; includeInIndex = 0; path = SelectExampleTests.xctest; sourceTree = BUILT_PRODUCTS_DIR; };
		711F869A2362B07D009085A6 /* SelectExampleTests.swift */ = {isa = PBXFileReference; lastKnownFileType = sourcecode.swift; path = SelectExampleTests.swift; sourceTree = "<group>"; };
		711F869C2362B07D009085A6 /* Info.plist */ = {isa = PBXFileReference; lastKnownFileType = text.plist.xml; path = Info.plist; sourceTree = "<group>"; };
		711F86A12362B07D009085A6 /* SelectExampleUITests.xctest */ = {isa = PBXFileReference; explicitFileType = wrapper.cfbundle; includeInIndex = 0; path = SelectExampleUITests.xctest; sourceTree = BUILT_PRODUCTS_DIR; };
		711F86A52362B07D009085A6 /* SelectExampleUITests.swift */ = {isa = PBXFileReference; lastKnownFileType = sourcecode.swift; path = SelectExampleUITests.swift; sourceTree = "<group>"; };
		711F86A72362B07D009085A6 /* Info.plist */ = {isa = PBXFileReference; lastKnownFileType = text.plist.xml; path = Info.plist; sourceTree = "<group>"; };
/* End PBXFileReference section */

/* Begin PBXFrameworksBuildPhase section */
		711F867A2362B07B009085A6 /* Frameworks */ = {
			isa = PBXFrameworksBuildPhase;
			buildActionMask = 2147483647;
			files = (
			);
			runOnlyForDeploymentPostprocessing = 0;
		};
		711F86932362B07D009085A6 /* Frameworks */ = {
			isa = PBXFrameworksBuildPhase;
			buildActionMask = 2147483647;
			files = (
			);
			runOnlyForDeploymentPostprocessing = 0;
		};
		711F869E2362B07D009085A6 /* Frameworks */ = {
			isa = PBXFrameworksBuildPhase;
			buildActionMask = 2147483647;
			files = (
			);
			runOnlyForDeploymentPostprocessing = 0;
		};
/* End PBXFrameworksBuildPhase section */

/* Begin PBXGroup section */
		711F86742362B07B009085A6 = {
			isa = PBXGroup;
			children = (
				711F867F2362B07B009085A6 /* SelectExample */,
				711F86992362B07D009085A6 /* SelectExampleTests */,
				711F86A42362B07D009085A6 /* SelectExampleUITests */,
				711F867E2362B07B009085A6 /* Products */,
			);
			sourceTree = "<group>";
		};
		711F867E2362B07B009085A6 /* Products */ = {
			isa = PBXGroup;
			children = (
				711F867D2362B07B009085A6 /* SelectExample.app */,
				711F86962362B07D009085A6 /* SelectExampleTests.xctest */,
				711F86A12362B07D009085A6 /* SelectExampleUITests.xctest */,
			);
			name = Products;
			sourceTree = "<group>";
		};
		711F867F2362B07B009085A6 /* SelectExample */ = {
			isa = PBXGroup;
			children = (
				711F86802362B07B009085A6 /* AppDelegate.swift */,
				711F86822362B07B009085A6 /* SceneDelegate.swift */,
				711F86842362B07B009085A6 /* ViewController.swift */,
				711F86862362B07B009085A6 /* Main.storyboard */,
				711F868C2362B07C009085A6 /* Assets.xcassets */,
				711F868E2362B07C009085A6 /* LaunchScreen.storyboard */,
				711F86912362B07C009085A6 /* Info.plist */,
				711F86892362B07B009085A6 /* SelectExample.xcdatamodeld */,
			);
			path = SelectExample;
			sourceTree = "<group>";
		};
		711F86992362B07D009085A6 /* SelectExampleTests */ = {
			isa = PBXGroup;
			children = (
				711F869A2362B07D009085A6 /* SelectExampleTests.swift */,
				711F869C2362B07D009085A6 /* Info.plist */,
			);
			path = SelectExampleTests;
			sourceTree = "<group>";
		};
		711F86A42362B07D009085A6 /* SelectExampleUITests */ = {
			isa = PBXGroup;
			children = (
				711F86A52362B07D009085A6 /* SelectExampleUITests.swift */,
				711F86A72362B07D009085A6 /* Info.plist */,
			);
			path = SelectExampleUITests;
			sourceTree = "<group>";
		};
/* End PBXGroup section */

/* Begin PBXNativeTarget section */
		711F867C2362B07B009085A6 /* SelectExample */ = {
			isa = PBXNativeTarget;
			buildConfigurationList = 711F86AA2362B07D009085A6 /* Build configuration list for PBXNativeTarget "SelectExample" */;
			buildPhases = (
				711F86792362B07B009085A6 /* Sources */,
				711F867A2362B07B009085A6 /* Frameworks */,
				711F867B2362B07B009085A6 /* Resources */,
			);
			buildRules = (
			);
			dependencies = (
			);
			name = SelectExample;
			productName = SelectExample;
			productReference = 711F867D2362B07B009085A6 /* SelectExample.app */;
			productType = "com.apple.product-type.application";
		};
		711F86952362B07D009085A6 /* SelectExampleTests */ = {
			isa = PBXNativeTarget;
			buildConfigurationList = 711F86AD2362B07D009085A6 /* Build configuration list for PBXNativeTarget "SelectExampleTests" */;
			buildPhases = (
				711F86922362B07D009085A6 /* Sources */,
				711F86932362B07D009085A6 /* Frameworks */,
				711F86942362B07D009085A6 /* Resources */,
			);
			buildRules = (
			);
			dependencies = (
				711F86982362B07D009085A6 /* PBXTargetDependency */,
			);
			name = SelectExampleTests;
			productName = SelectExampleTests;
			productReference = 711F86962362B07D009085A6 /* SelectExampleTests.xctest */;
			productType = "com.apple.product-type.bundle.unit-test";
		};
		711F86A02362B07D009085A6 /* SelectExampleUITests */ = {
			isa = PBXNativeTarget;
			buildConfigurationList = 711F86B02362B07D009085A6 /* Build configuration list for PBXNativeTarget "SelectExampleUITests" */;
			buildPhases = (
				711F869D2362B07D009085A6 /* Sources */,
				711F869E2362B07D009085A6 /* Frameworks */,
				711F869F2362B07D009085A6 /* Resources */,
			);
			buildRules = (
			);
			dependencies = (
				711F86A32362B07D009085A6 /* PBXTargetDependency */,
			);
			name = SelectExampleUITests;
			productName = SelectExampleUITests;
			productReference = 711F86A12362B07D009085A6 /* SelectExampleUITests.xctest */;
			productType = "com.apple.product-type.bundle.ui-testing";
		};
/* End PBXNativeTarget section */

/* Begin PBXProject section */
		711F86752362B07B009085A6 /* Project object */ = {
			isa = PBXProject;
			attributes = {
				LastSwiftUpdateCheck = 1110;
				LastUpgradeCheck = 1110;
				ORGANIZATIONNAME = BancoFassil;
				TargetAttributes = {
					711F867C2362B07B009085A6 = {
						CreatedOnToolsVersion = 11.1;
					};
					711F86952362B07D009085A6 = {
						CreatedOnToolsVersion = 11.1;
						TestTargetID = 711F867C2362B07B009085A6;
					};
					711F86A02362B07D009085A6 = {
						CreatedOnToolsVersion = 11.1;
						TestTargetID = 711F867C2362B07B009085A6;
					};
				};
			};
			buildConfigurationList = 711F86782362B07B009085A6 /* Build configuration list for PBXProject "SelectExample" */;
			compatibilityVersion = "Xcode 9.3";
			developmentRegion = en;
			hasScannedForEncodings = 0;
			knownRegions = (
				en,
				Base,
			);
			mainGroup = 711F86742362B07B009085A6;
			productRefGroup = 711F867E2362B07B009085A6 /* Products */;
			projectDirPath = "";
			projectRoot = "";
			targets = (
				711F867C2362B07B009085A6 /* SelectExample */,
				711F86952362B07D009085A6 /* SelectExampleTests */,
				711F86A02362B07D009085A6 /* SelectExampleUITests */,
			);
		};
/* End PBXProject section */

/* Begin PBXResourcesBuildPhase section */
		711F867B2362B07B009085A6 /* Resources */ = {
			isa = PBXResourcesBuildPhase;
			buildActionMask = 2147483647;
			files = (
				711F86902362B07C009085A6 /* LaunchScreen.storyboard in Resources */,
				711F868D2362B07C009085A6 /* Assets.xcassets in Resources */,
				711F86882362B07B009085A6 /* Main.storyboard in Resources */,
			);
			runOnlyForDeploymentPostprocessing = 0;
		};
		711F86942362B07D009085A6 /* Resources */ = {
			isa = PBXResourcesBuildPhase;
			buildActionMask = 2147483647;
			files = (
			);
			runOnlyForDeploymentPostprocessing = 0;
		};
		711F869F2362B07D009085A6 /* Resources */ = {
			isa = PBXResourcesBuildPhase;
			buildActionMask = 2147483647;
			files = (
			);
			runOnlyForDeploymentPostprocessing = 0;
		};
/* End PBXResourcesBuildPhase section */

/* Begin PBXSourcesBuildPhase section */
		711F86792362B07B009085A6 /* Sources */ = {
			isa = PBXSourcesBuildPhase;
			buildActionMask = 2147483647;
			files = (
				711F86852362B07B009085A6 /* ViewController.swift in Sources */,
				711F86812362B07B009085A6 /* AppDelegate.swift in Sources */,
				711F868B2362B07B009085A6 /* SelectExample.xcdatamodeld in Sources */,
				711F86832362B07B009085A6 /* SceneDelegate.swift in Sources */,
			);
			runOnlyForDeploymentPostprocessing = 0;
		};
		711F86922362B07D009085A6 /* Sources */ = {
			isa = PBXSourcesBuildPhase;
			buildActionMask = 2147483647;
			files = (
				711F869B2362B07D009085A6 /* SelectExampleTests.swift in Sources */,
			);
			runOnlyForDeploymentPostprocessing = 0;
		};
		711F869D2362B07D009085A6 /* Sources */ = {
			isa = PBXSourcesBuildPhase;
			buildActionMask = 2147483647;
			files = (
				711F86A62362B07D009085A6 /* SelectExampleUITests.swift in Sources */,
			);
			runOnlyForDeploymentPostprocessing = 0;
		};
/* End PBXSourcesBuildPhase section */

/* Begin PBXTargetDependency section */
		711F86982362B07D009085A6 /* PBXTargetDependency */ = {
			isa = PBXTargetDependency;
			target = 711F867C2362B07B009085A6 /* SelectExample */;
			targetProxy = 711F86972362B07D009085A6 /* PBXContainerItemProxy */;
		};
		711F86A32362B07D009085A6 /* PBXTargetDependency */ = {
			isa = PBXTargetDependency;
			target = 711F867C2362B07B009085A6 /* SelectExample */;
			targetProxy = 711F86A22362B07D009085A6 /* PBXContainerItemProxy */;
		};
/* End PBXTargetDependency section */

/* Begin PBXVariantGroup section */
		711F86862362B07B009085A6 /* Main.storyboard */ = {
			isa = PBXVariantGroup;
			children = (
				711F86872362B07B009085A6 /* Base */,
			);
			name = Main.storyboard;
			sourceTree = "<group>";
		};
		711F868E2362B07C009085A6 /* LaunchScreen.storyboard */ = {
			isa = PBXVariantGroup;
			children = (
				711F868F2362B07C009085A6 /* Base */,
			);
			name = LaunchScreen.storyboard;
			sourceTree = "<group>";
		};
/* End PBXVariantGroup section */

/* Begin XCBuildConfiguration section */
		711F86A82362B07D009085A6 /* Debug */ = {
			isa = XCBuildConfiguration;
			buildSettings = {
				ALWAYS_SEARCH_USER_PATHS = NO;
				CLANG_ANALYZER_NONNULL = YES;
				CLANG_ANALYZER_NUMBER_OBJECT_CONVERSION = YES_AGGRESSIVE;
				CLANG_CXX_LANGUAGE_STANDARD = "gnu++14";
				CLANG_CXX_LIBRARY = "libc++";
				CLANG_ENABLE_MODULES = YES;
				CLANG_ENABLE_OBJC_ARC = YES;
				CLANG_ENABLE_OBJC_WEAK = YES;
				CLANG_WARN_BLOCK_CAPTURE_AUTORELEASING = YES;
				CLANG_WARN_BOOL_CONVERSION = YES;
				CLANG_WARN_COMMA = YES;
				CLANG_WARN_CONSTANT_CONVERSION = YES;
				CLANG_WARN_DEPRECATED_OBJC_IMPLEMENTATIONS = YES;
				CLANG_WARN_DIRECT_OBJC_ISA_USAGE = YES_ERROR;
				CLANG_WARN_DOCUMENTATION_COMMENTS = YES;
				CLANG_WARN_EMPTY_BODY = YES;
				CLANG_WARN_ENUM_CONVERSION = YES;
				CLANG_WARN_INFINITE_RECURSION = YES;
				CLANG_WARN_INT_CONVERSION = YES;
				CLANG_WARN_NON_LITERAL_NULL_CONVERSION = YES;
				CLANG_WARN_OBJC_IMPLICIT_RETAIN_SELF = YES;
				CLANG_WARN_OBJC_LITERAL_CONVERSION = YES;
				CLANG_WARN_OBJC_ROOT_CLASS = YES_ERROR;
				CLANG_WARN_RANGE_LOOP_ANALYSIS = YES;
				CLANG_WARN_STRICT_PROTOTYPES = YES;
				CLANG_WARN_SUSPICIOUS_MOVE = YES;
				CLANG_WARN_UNGUARDED_AVAILABILITY = YES_AGGRESSIVE;
				CLANG_WARN_UNREACHABLE_CODE = YES;
				CLANG_WARN__DUPLICATE_METHOD_MATCH = YES;
				COPY_PHASE_STRIP = NO;
				DEBUG_INFORMATION_FORMAT = dwarf;
				ENABLE_STRICT_OBJC_MSGSEND = YES;
				ENABLE_TESTABILITY = YES;
				GCC_C_LANGUAGE_STANDARD = gnu11;
				GCC_DYNAMIC_NO_PIC = NO;
				GCC_NO_COMMON_BLOCKS = YES;
				GCC_OPTIMIZATION_LEVEL = 0;
				GCC_PREPROCESSOR_DEFINITIONS = (
					"DEBUG=1",
					"$(inherited)",
				);
				GCC_WARN_64_TO_32_BIT_CONVERSION = YES;
				GCC_WARN_ABOUT_RETURN_TYPE = YES_ERROR;
				GCC_WARN_UNDECLARED_SELECTOR = YES;
				GCC_WARN_UNINITIALIZED_AUTOS = YES_AGGRESSIVE;
				GCC_WARN_UNUSED_FUNCTION = YES;
				GCC_WARN_UNUSED_VARIABLE = YES;
				IPHONEOS_DEPLOYMENT_TARGET = 13.1;
				MTL_ENABLE_DEBUG_INFO = INCLUDE_SOURCE;
				MTL_FAST_MATH = YES;
				ONLY_ACTIVE_ARCH = YES;
				SDKROOT = iphoneos;
				SWIFT_ACTIVE_COMPILATION_CONDITIONS = DEBUG;
				SWIFT_OPTIMIZATION_LEVEL = "-Onone";
			};
			name = Debug;
		};
		711F86A92362B07D009085A6 /* Release */ = {
			isa = XCBuildConfiguration;
			buildSettings = {
				ALWAYS_SEARCH_USER_PATHS = NO;
				CLANG_ANALYZER_NONNULL = YES;
				CLANG_ANALYZER_NUMBER_OBJECT_CONVERSION = YES_AGGRESSIVE;
				CLANG_CXX_LANGUAGE_STANDARD = "gnu++14";
				CLANG_CXX_LIBRARY = "libc++";
				CLANG_ENABLE_MODULES = YES;
				CLANG_ENABLE_OBJC_ARC = YES;
				CLANG_ENABLE_OBJC_WEAK = YES;
				CLANG_WARN_BLOCK_CAPTURE_AUTORELEASING = YES;
				CLANG_WARN_BOOL_CONVERSION = YES;
				CLANG_WARN_COMMA = YES;
				CLANG_WARN_CONSTANT_CONVERSION = YES;
				CLANG_WARN_DEPRECATED_OBJC_IMPLEMENTATIONS = YES;
				CLANG_WARN_DIRECT_OBJC_ISA_USAGE = YES_ERROR;
				CLANG_WARN_DOCUMENTATION_COMMENTS = YES;
				CLANG_WARN_EMPTY_BODY = YES;
				CLANG_WARN_ENUM_CONVERSION = YES;
				CLANG_WARN_INFINITE_RECURSION = YES;
				CLANG_WARN_INT_CONVERSION = YES;
				CLANG_WARN_NON_LITERAL_NULL_CONVERSION = YES;
				CLANG_WARN_OBJC_IMPLICIT_RETAIN_SELF = YES;
				CLANG_WARN_OBJC_LITERAL_CONVERSION = YES;
				CLANG_WARN_OBJC_ROOT_CLASS = YES_ERROR;
				CLANG_WARN_RANGE_LOOP_ANALYSIS = YES;
				CLANG_WARN_STRICT_PROTOTYPES = YES;
				CLANG_WARN_SUSPICIOUS_MOVE = YES;
				CLANG_WARN_UNGUARDED_AVAILABILITY = YES_AGGRESSIVE;
				CLANG_WARN_UNREACHABLE_CODE = YES;
				CLANG_WARN__DUPLICATE_METHOD_MATCH = YES;
				COPY_PHASE_STRIP = NO;
				DEBUG_INFORMATION_FORMAT = "dwarf-with-dsym";
				ENABLE_NS_ASSERTIONS = NO;
				ENABLE_STRICT_OBJC_MSGSEND = YES;
				GCC_C_LANGUAGE_STANDARD = gnu11;
				GCC_NO_COMMON_BLOCKS = YES;
				GCC_WARN_64_TO_32_BIT_CONVERSION = YES;
				GCC_WARN_ABOUT_RETURN_TYPE = YES_ERROR;
				GCC_WARN_UNDECLARED_SELECTOR = YES;
				GCC_WARN_UNINITIALIZED_AUTOS = YES_AGGRESSIVE;
				GCC_WARN_UNUSED_FUNCTION = YES;
				GCC_WARN_UNUSED_VARIABLE = YES;
				IPHONEOS_DEPLOYMENT_TARGET = 13.1;
				MTL_ENABLE_DEBUG_INFO = NO;
				MTL_FAST_MATH = YES;
				SDKROOT = iphoneos;
				SWIFT_COMPILATION_MODE = wholemodule;
				SWIFT_OPTIMIZATION_LEVEL = "-O";
				VALIDATE_PRODUCT = YES;
			};
			name = Release;
		};
		711F86AB2362B07D009085A6 /* Debug */ = {
			isa = XCBuildConfiguration;
			buildSettings = {
				ASSETCATALOG_COMPILER_APPICON_NAME = AppIcon;
				CODE_SIGN_STYLE = Automatic;
				DEVELOPMENT_TEAM = B7C852Y36D;
				INFOPLIST_FILE = SelectExample/Info.plist;
				IPHONEOS_DEPLOYMENT_TARGET = 13.0;
				LD_RUNPATH_SEARCH_PATHS = (
					"$(inherited)",
					"@executable_path/Frameworks",
				);
				PRODUCT_BUNDLE_IDENTIFIER = com.acondori.Fassil;
				PRODUCT_NAME = "$(TARGET_NAME)";
				SWIFT_VERSION = 5.0;
				TARGETED_DEVICE_FAMILY = 1;
			};
			name = Debug;
		};
		711F86AC2362B07D009085A6 /* Release */ = {
			isa = XCBuildConfiguration;
			buildSettings = {
				ASSETCATALOG_COMPILER_APPICON_NAME = AppIcon;
				CODE_SIGN_STYLE = Automatic;
				DEVELOPMENT_TEAM = B7C852Y36D;
				INFOPLIST_FILE = SelectExample/Info.plist;
				IPHONEOS_DEPLOYMENT_TARGET = 13.0;
				LD_RUNPATH_SEARCH_PATHS = (
					"$(inherited)",
					"@executable_path/Frameworks",
				);
				PRODUCT_BUNDLE_IDENTIFIER = com.acondori.Fassil;
				PRODUCT_NAME = "$(TARGET_NAME)";
				SWIFT_VERSION = 5.0;
				TARGETED_DEVICE_FAMILY = 1;
			};
			name = Release;
		};
		711F86AE2362B07D009085A6 /* Debug */ = {
			isa = XCBuildConfiguration;
			buildSettings = {
				ALWAYS_EMBED_SWIFT_STANDARD_LIBRARIES = YES;
				BUNDLE_LOADER = "$(TEST_HOST)";
				CODE_SIGN_STYLE = Automatic;
				DEVELOPMENT_TEAM = B7C852Y36D;
				INFOPLIST_FILE = SelectExampleTests/Info.plist;
				IPHONEOS_DEPLOYMENT_TARGET = 13.1;
				LD_RUNPATH_SEARCH_PATHS = (
					"$(inherited)",
					"@executable_path/Frameworks",
					"@loader_path/Frameworks",
				);
				PRODUCT_BUNDLE_IDENTIFIER = com.fassil.com.SelectExampleTests;
				PRODUCT_NAME = "$(TARGET_NAME)";
				SWIFT_VERSION = 5.0;
				TARGETED_DEVICE_FAMILY = "1,2";
				TEST_HOST = "$(BUILT_PRODUCTS_DIR)/SelectExample.app/SelectExample";
			};
			name = Debug;
		};
		711F86AF2362B07D009085A6 /* Release */ = {
			isa = XCBuildConfiguration;
			buildSettings = {
				ALWAYS_EMBED_SWIFT_STANDARD_LIBRARIES = YES;
				BUNDLE_LOADER = "$(TEST_HOST)";
				CODE_SIGN_STYLE = Automatic;
				DEVELOPMENT_TEAM = B7C852Y36D;
				INFOPLIST_FILE = SelectExampleTests/Info.plist;
				IPHONEOS_DEPLOYMENT_TARGET = 13.1;
				LD_RUNPATH_SEARCH_PATHS = (
					"$(inherited)",
					"@executable_path/Frameworks",
					"@loader_path/Frameworks",
				);
				PRODUCT_BUNDLE_IDENTIFIER = com.fassil.com.SelectExampleTests;
				PRODUCT_NAME = "$(TARGET_NAME)";
				SWIFT_VERSION = 5.0;
				TARGETED_DEVICE_FAMILY = "1,2";
				TEST_HOST = "$(BUILT_PRODUCTS_DIR)/SelectExample.app/SelectExample";
			};
			name = Release;
		};
		711F86B12362B07D009085A6 /* Debug */ = {
			isa = XCBuildConfiguration;
			buildSettings = {
				ALWAYS_EMBED_SWIFT_STANDARD_LIBRARIES = YES;
				CODE_SIGN_STYLE = Automatic;
				DEVELOPMENT_TEAM = B7C852Y36D;
				INFOPLIST_FILE = SelectExampleUITests/Info.plist;
				LD_RUNPATH_SEARCH_PATHS = (
					"$(inherited)",
					"@executable_path/Frameworks",
					"@loader_path/Frameworks",
				);
				PRODUCT_BUNDLE_IDENTIFIER = com.fassil.com.SelectExampleUITests;
				PRODUCT_NAME = "$(TARGET_NAME)";
				SWIFT_VERSION = 5.0;
				TARGETED_DEVICE_FAMILY = "1,2";
				TEST_TARGET_NAME = SelectExample;
			};
			name = Debug;
		};
		711F86B22362B07D009085A6 /* Release */ = {
			isa = XCBuildConfiguration;
			buildSettings = {
				ALWAYS_EMBED_SWIFT_STANDARD_LIBRARIES = YES;
				CODE_SIGN_STYLE = Automatic;
				DEVELOPMENT_TEAM = B7C852Y36D;
				INFOPLIST_FILE = SelectExampleUITests/Info.plist;
				LD_RUNPATH_SEARCH_PATHS = (
					"$(inherited)",
					"@executable_path/Frameworks",
					"@loader_path/Frameworks",
				);
				PRODUCT_BUNDLE_IDENTIFIER = com.fassil.com.SelectExampleUITests;
				PRODUCT_NAME = "$(TARGET_NAME)";
				SWIFT_VERSION = 5.0;
				TARGETED_DEVICE_FAMILY = "1,2";
				TEST_TARGET_NAME = SelectExample;
			};
			name = Release;
		};
/* End XCBuildConfiguration section */

/* Begin XCConfigurationList section */
		711F86782362B07B009085A6 /* Build configuration list for PBXProject "SelectExample" */ = {
			isa = XCConfigurationList;
			buildConfigurations = (
				711F86A82362B07D009085A6 /* Debug */,
				711F86A92362B07D009085A6 /* Release */,
			);
			defaultConfigurationIsVisible = 0;
			defaultConfigurationName = Release;
		};
		711F86AA2362B07D009085A6 /* Build configuration list for PBXNativeTarget "SelectExample" */ = {
			isa = XCConfigurationList;
			buildConfigurations = (
				711F86AB2362B07D009085A6 /* Debug */,
				711F86AC2362B07D009085A6 /* Release */,
			);
			defaultConfigurationIsVisible = 0;
			defaultConfigurationName = Release;
		};
		711F86AD2362B07D009085A6 /* Build configuration list for PBXNativeTarget "SelectExampleTests" */ = {
			isa = XCConfigurationList;
			buildConfigurations = (
				711F86AE2362B07D009085A6 /* Debug */,
				711F86AF2362B07D009085A6 /* Release */,
			);
			defaultConfigurationIsVisible = 0;
			defaultConfigurationName = Release;
		};
		711F86B02362B07D009085A6 /* Build configuration list for PBXNativeTarget "SelectExampleUITests" */ = {
			isa = XCConfigurationList;
			buildConfigurations = (
				711F86B12362B07D009085A6 /* Debug */,
				711F86B22362B07D009085A6 /* Release */,
			);
			defaultConfigurationIsVisible = 0;
			defaultConfigurationName = Release;
		};
/* End XCConfigurationList section */

/* Begin XCVersionGroup section */
		711F86892362B07B009085A6 /* SelectExample.xcdatamodeld */ = {
			isa = XCVersionGroup;
			children = (
				711F868A2362B07B009085A6 /* SelectExample.xcdatamodel */,
			);
			currentVersion = 711F868A2362B07B009085A6 /* SelectExample.xcdatamodel */;
			path = SelectExample.xcdatamodeld;
			sourceTree = "<group>";
			versionGroupType = wrapper.xcdatamodel;
		};
/* End XCVersionGroup section */
	};
	rootObject = 711F86752362B07B009085A6 /* Project object */;
}
